{
  "nodes": {
    "nixpkgs": {
      "locked": {
        "lastModified": 1775568925,
        "narHash": "sha256-sDeGC1KROHHXDk2lbW/reZPuTXkAZmRZ956y10R68f4=",
        "owner": "NixOS",
        "repo": "nixpkgs",
        "rev": "ae921939fcbd44874664477bd1d22543c10a8306",
        "type": "github"
      },
      "original": {
        "owner": "NixOS",
        "repo": "nixpkgs",
        "type": "github"
      }
    },
    "qemu-espressif": {
      "inputs": {
        "nixpkgs": "nixpkgs"
      },
      "locked": {
        "lastModified": 1775571040,
        "narHash": "sha256-6PFqzP2PL675wNE/0RtZoSnmwzfIdtCrWyeZ4/VCM/8=",
        "owner": "SFrijters",
        "repo": "nix-qemu-espressif",
        "rev": "cc07f4a09ca977ee75fe6595f039c8cbf70ea4f7",
        "type": "github"
      },
      "original": {
        "owner": "SFrijters",
        "repo": "nix-qemu-espressif",
        "type": "github"
      }
    },
    "root": {
      "inputs": {
        "nixpkgs": [
          "qemu-espressif",
          "nixpkgs"
        ],
        "qemu-espressif": "qemu-espressif",
        "rust-overlay": "rust-overlay"
      }
    },
    "rust-overlay": {
      "inputs": {
        "nixpkgs": [
          "qemu-espressif",
          "nixpkgs"
        ]
      },
      "locked": {
        "lastModified": 1775531562,
        "narHash": "sha256-G83GDxQo6lqO5aeTSD5RFLhnh2g6DzJpSvSju2EjjrQ=",
        "owner": "oxalica",
        "repo": "rust-overlay",
        "rev": "d8b1b209203665924c81eabf750492530754f27e",
        "type": "github"
      },
      "original": {
        "owner": "oxalica",
        "repo": "rust-overlay",
        "type": "github"
      }
    }
  },
  "root": "root",
  "version": 7
}
