{
  "nodes": {
    "nixpkgs": {
      "locked": {
        "lastModified": 1744014921,
        "narHash": "sha256-WX7TtWfFHDXwJCf/CgebYxLRskSLFZC6KRxJBkG26Jc=",
        "owner": "NixOS",
        "repo": "nixpkgs",
        "rev": "f01b5018c94f984f55767a02815f3c0b6d57b54f",
        "type": "github"
      },
      "original": {
        "owner": "NixOS",
        "repo": "nixpkgs",
        "type": "github"
      }
    },
    "qemu-espressif": {
      "inputs": {
        "nixpkgs": "nixpkgs"
      },
      "locked": {
        "lastModified": 1744027136,
        "narHash": "sha256-gA2NzmZU5vTb7nHM6TYIhp6kVGuoMoarR4RyX/v8xEQ=",
        "owner": "SFrijters",
        "repo": "nix-qemu-espressif",
        "rev": "e9e36c6f35c6dc06b0e3cefb1caf939e7006654f",
        "type": "github"
      },
      "original": {
        "owner": "SFrijters",
        "repo": "nix-qemu-espressif",
        "type": "github"
      }
    },
    "root": {
      "inputs": {
        "nixpkgs": [
          "qemu-espressif",
          "nixpkgs"
        ],
        "qemu-espressif": "qemu-espressif",
        "rust-overlay": "rust-overlay"
      }
    },
    "rust-overlay": {
      "inputs": {
        "nixpkgs": [
          "qemu-espressif",
          "nixpkgs"
        ]
      },
      "locked": {
        "lastModified": 1743993291,
        "narHash": "sha256-u8GHvduU1gCtoFXvTS/wGjH1ouv5S/GRGq6MAT+sG/k=",
        "owner": "oxalica",
        "repo": "rust-overlay",
        "rev": "0cb3c8979c65dc6a5812dfe67499a8c7b8b4325b",
        "type": "github"
      },
      "original": {
        "owner": "oxalica",
        "repo": "rust-overlay",
        "type": "github"
      }
    }
  },
  "root": "root",
  "version": 7
}
