{
  "nodes": {
    "nixpkgs": {
      "locked": {
        "lastModified": 1758749657,
        "narHash": "sha256-ZgZL/5PSAXyiC/73JJ0OM8Sr9JLXnBtvRAk1SoLqoPo=",
        "owner": "NixOS",
        "repo": "nixpkgs",
        "rev": "b07fc6f3710b4a04856ade7e2ea9089537ab1f24",
        "type": "github"
      },
      "original": {
        "owner": "NixOS",
        "repo": "nixpkgs",
        "type": "github"
      }
    },
    "qemu-espressif": {
      "inputs": {
        "nixpkgs": "nixpkgs"
      },
      "locked": {
        "lastModified": 1758752531,
        "narHash": "sha256-O9/UuOYW4Ay6uoqbv8L8zHKKGEjzF/yBO4UJchLU0nE=",
        "owner": "SFrijters",
        "repo": "nix-qemu-espressif",
        "rev": "72ad1df34ce9c153dee083a9fb25a62abf8f9aaa",
        "type": "github"
      },
      "original": {
        "owner": "SFrijters",
        "repo": "nix-qemu-espressif",
        "type": "github"
      }
    },
    "root": {
      "inputs": {
        "nixpkgs": [
          "qemu-espressif",
          "nixpkgs"
        ],
        "qemu-espressif": "qemu-espressif",
        "rust-overlay": "rust-overlay"
      }
    },
    "rust-overlay": {
      "inputs": {
        "nixpkgs": [
          "qemu-espressif",
          "nixpkgs"
        ]
      },
      "locked": {
        "lastModified": 1758681214,
        "narHash": "sha256-8cW731vev6kfr58cILO2ZsjHwaPhm88dQ8Q6nTSjP9I=",
        "owner": "oxalica",
        "repo": "rust-overlay",
        "rev": "b12ed88d8d33d4f3cbc842bf29fad93bb1437299",
        "type": "github"
      },
      "original": {
        "owner": "oxalica",
        "repo": "rust-overlay",
        "type": "github"
      }
    }
  },
  "root": "root",
  "version": 7
}
